
Microsoft Visual Studio Solution File, Format Version 12.00
# Visual Studio 15
VisualStudioVersion = 15.0.26430.6
MinimumVisualStudioVersion = 10.0.40219.1
Project("{8BC9CEB8-8B4A-11D0-8D11-00A0C91BC942}") = "OculusAAR", "OculusAAR.vcxproj", "{7A3CDCF6-B288-4C98-A614-F9F7751B4EE8}"
EndProject
Global
	GlobalSection(SolutionConfigurationPlatforms) = preSolution
		Debug|x64 = Debug|x64
		Debug|x86 = Debug|x86
		MinSizeRel|x64 = MinSizeRel|x64
		MinSizeRel|x86 = MinSizeRel|x86
		Release|x64 = Release|x64
		Release|x86 = Release|x86
		RelWithDebInfo|x64 = RelWithDebInfo|x64
		RelWithDebInfo|x86 = RelWithDebInfo|x86
	EndGlobalSection
	GlobalSection(ProjectConfigurationPlatforms) = postSolution
		{7A3CDCF6-B288-4C98-A614-F9F7751B4EE8}.Debug|x64.ActiveCfg = Debug|x64
		{7A3CDCF6-B288-4C98-A614-F9F7751B4EE8}.Debug|x64.Build.0 = Debug|x64
		{7A3CDCF6-B288-4C98-A614-F9F7751B4EE8}.Debug|x86.ActiveCfg = Debug|Win32
		{7A3CDCF6-B288-4C98-A614-F9F7751B4EE8}.Debug|x86.Build.0 = Debug|Win32
		{7A3CDCF6-B288-4C98-A614-F9F7751B4EE8}.MinSizeRel|x64.ActiveCfg = MinSizeRel|x64
		{7A3CDCF6-B288-4C98-A614-F9F7751B4EE8}.MinSizeRel|x64.Build.0 = MinSizeRel|x64
		{7A3CDCF6-B288-4C98-A614-F9F7751B4EE8}.MinSizeRel|x86.ActiveCfg = MinSizeRel|Win32
		{7A3CDCF6-B288-4C98-A614-F9F7751B4EE8}.MinSizeRel|x86.Build.0 = MinSizeRel|Win32
		{7A3CDCF6-B288-4C98-A614-F9F7751B4EE8}.Release|x64.ActiveCfg = Release|x64
		{7A3CDCF6-B288-4C98-A614-F9F7751B4EE8}.Release|x64.Build.0 = Release|x64
		{7A3CDCF6-B288-4C98-A614-F9F7751B4EE8}.Release|x86.ActiveCfg = Release|Win32
		{7A3CDCF6-B288-4C98-A614-F9F7751B4EE8}.Release|x86.Build.0 = Release|Win32
		{7A3CDCF6-B288-4C98-A614-F9F7751B4EE8}.RelWithDebInfo|x64.ActiveCfg = RelWithDebInfo|x64
		{7A3CDCF6-B288-4C98-A614-F9F7751B4EE8}.RelWithDebInfo|x64.Build.0 = RelWithDebInfo|x64
		{7A3CDCF6-B288-4C98-A614-F9F7751B4EE8}.RelWithDebInfo|x86.ActiveCfg = RelWithDebInfo|Win32
		{7A3CDCF6-B288-4C98-A614-F9F7751B4EE8}.RelWithDebInfo|x86.Build.0 = RelWithDebInfo|Win32
	EndGlobalSection
	GlobalSection(SolutionProperties) = preSolution
		HideSolutionNode = FALSE
	EndGlobalSection
	GlobalSection(ExtensibilityGlobals) = postSolution
		SolutionGuid = {F5CCA278-E394-4D25-A69D-B034CEDE924A}
	EndGlobalSection
EndGlobal
